{
	"name": "fe-1y_3_23",
	"version": "1.0.0",
	"lockfileVersion": 2,
	"requires": true,
	"packages": {
		"": {
			"name": "fe-1y_3_23",
			"version": "1.0.0",
			"license": "ISC",
			"dependencies": {
				"nanoid": "^5.0.7",
				"validator": "^13.12.0"
			}
		},
		"node_modules/nanoid": {
			"version": "5.0.7",
			"resolved": "https://registry.npmjs.org/nanoid/-/nanoid-5.0.7.tgz",
			"integrity": "sha512-oLxFY2gd2IqnjcYyOXD8XGCftpGtZP2AbHbOkthDkvRywH5ayNtPVy9YlOPcHckXzbLTCHpkb7FB+yuxKV13pQ==",
			"funding": [
				{
					"type": "github",
					"url": "https://github.com/sponsors/ai"
				}
			],
			"bin": {
				"nanoid": "bin/nanoid.js"
			},
			"engines": {
				"node": "^18 || >=20"
			}
		},
		"node_modules/validator": {
			"version": "13.12.0",
			"resolved": "https://registry.npmjs.org/validator/-/validator-13.12.0.tgz",
			"integrity": "sha512-c1Q0mCiPlgdTVVVIJIrBuxNicYE+t/7oKeI9MWLj3fh/uq2Pxh/3eeWbVZ4OcGW1TUf53At0njHw5SMdA3tmMg==",
			"engines": {
				"node": ">= 0.10"
			}
		}
	},
	"dependencies": {
		"nanoid": {
			"version": "5.0.7",
			"resolved": "https://registry.npmjs.org/nanoid/-/nanoid-5.0.7.tgz",
			"integrity": "sha512-oLxFY2gd2IqnjcYyOXD8XGCftpGtZP2AbHbOkthDkvRywH5ayNtPVy9YlOPcHckXzbLTCHpkb7FB+yuxKV13pQ=="
		},
		"validator": {
			"version": "13.12.0",
			"resolved": "https://registry.npmjs.org/validator/-/validator-13.12.0.tgz",
			"integrity": "sha512-c1Q0mCiPlgdTVVVIJIrBuxNicYE+t/7oKeI9MWLj3fh/uq2Pxh/3eeWbVZ4OcGW1TUf53At0njHw5SMdA3tmMg=="
		}
	}
}
